
Microsoft Visual Studio Solution File, Format Version 11.00
# Visual Studio 2010
Project("{8BC9CEB8-8B4A-11D0-8D11-00A0C91BC942}") = "ClassPerfomance", "ClassPerfomance\ClassPerfomance.vcxproj", "{FB54DED2-AB48-4E22-AC83-ADF7B4D812F2}"
EndProject
Global
	GlobalSection(SolutionConfigurationPlatforms) = preSolution
		Debug|Win32 = Debug|Win32
		Release|Win32 = Release|Win32
	EndGlobalSection
	GlobalSection(ProjectConfigurationPlatforms) = postSolution
		{FB54DED2-AB48-4E22-AC83-ADF7B4D812F2}.Debug|Win32.ActiveCfg = Debug|Win32
		{FB54DED2-AB48-4E22-AC83-ADF7B4D812F2}.Debug|Win32.Build.0 = Debug|Win32
		{FB54DED2-AB48-4E22-AC83-ADF7B4D812F2}.Release|Win32.ActiveCfg = Release|Win32
		{FB54DED2-AB48-4E22-AC83-ADF7B4D812F2}.Release|Win32.Build.0 = Release|Win32
	EndGlobalSection
	GlobalSection(SolutionProperties) = preSolution
		HideSolutionNode = FALSE
	EndGlobalSection
EndGlobal
